
Microsoft Visual Studio Solution File, Format Version 12.00
# Visual Studio Version 16
VisualStudioVersion = 16.0.31702.278
MinimumVisualStudioVersion = 10.0.40219.1
Project("{FAE04EC0-301F-11D3-BF4B-00C04F79EFBC}") = "games", "games.csproj", "{213CC1E4-3B38-474D-BE1B-DA2F9408D09F}"
EndProject
Global
	GlobalSection(SolutionConfigurationPlatforms) = preSolution
		Debug|Any CPU = Debug|Any CPU
		Release|Any CPU = Release|Any CPU
	EndGlobalSection
	GlobalSection(ProjectConfigurationPlatforms) = postSolution
		{213CC1E4-3B38-474D-BE1B-DA2F9408D09F}.Debug|Any CPU.ActiveCfg = Debug|Any CPU
		{213CC1E4-3B38-474D-BE1B-DA2F9408D09F}.Debug|Any CPU.Build.0 = Debug|Any CPU
		{213CC1E4-3B38-474D-BE1B-DA2F9408D09F}.Release|Any CPU.ActiveCfg = Release|Any CPU
		{213CC1E4-3B38-474D-BE1B-DA2F9408D09F}.Release|Any CPU.Build.0 = Release|Any CPU
	EndGlobalSection
	GlobalSection(SolutionProperties) = preSolution
		HideSolutionNode = FALSE
	EndGlobalSection
	GlobalSection(ExtensibilityGlobals) = postSolution
		SolutionGuid = {42CB0EFE-8856-457D-92D0-E8208CE73439}
	EndGlobalSection
EndGlobal
